
Microsoft Visual Studio Solution File, Format Version 12.00
# Visual Studio Version 17
VisualStudioVersion = 17.2.32526.322
MinimumVisualStudioVersion = 10.0.40219.1
Project("{FAE04EC0-301F-11D3-BF4B-00C04F79EFBC}") = "FirstApiSQ011", "FirstApiSQ011\FirstApiSQ011.csproj", "{5F097D92-FBB2-4AF4-BD22-8C25CD133259}"
EndProject
Global
	GlobalSection(SolutionConfigurationPlatforms) = preSolution
		Debug|Any CPU = Debug|Any CPU
		Release|Any CPU = Release|Any CPU
	EndGlobalSection
	GlobalSection(ProjectConfigurationPlatforms) = postSolution
		{5F097D92-FBB2-4AF4-BD22-8C25CD133259}.Debug|Any CPU.ActiveCfg = Debug|Any CPU
		{5F097D92-FBB2-4AF4-BD22-8C25CD133259}.Debug|Any CPU.Build.0 = Debug|Any CPU
		{5F097D92-FBB2-4AF4-BD22-8C25CD133259}.Release|Any CPU.ActiveCfg = Release|Any CPU
		{5F097D92-FBB2-4AF4-BD22-8C25CD133259}.Release|Any CPU.Build.0 = Release|Any CPU
	EndGlobalSection
	GlobalSection(SolutionProperties) = preSolution
		HideSolutionNode = FALSE
	EndGlobalSection
	GlobalSection(ExtensibilityGlobals) = postSolution
		SolutionGuid = {83A599FD-4A7A-452B-8350-1CE9A7072A05}
	EndGlobalSection
EndGlobal
